
Microsoft Visual Studio Solution File, Format Version 12.00
# Visual Studio 15
VisualStudioVersion = 15.0.27703.1
MinimumVisualStudioVersion = 10.0.40219.1
Project("{FAE04EC0-301F-11D3-BF4B-00C04F79EFBC}") = "UDP_File_Transfer", "UDP_File_Transfer\UDP_File_Transfer.csproj", "{80560430-BEE4-42F8-AE36-3C1267CA5AE0}"
EndProject
Global
	GlobalSection(SolutionConfigurationPlatforms) = preSolution
		Debug|Any CPU = Debug|Any CPU
		Release|Any CPU = Release|Any CPU
	EndGlobalSection
	GlobalSection(ProjectConfigurationPlatforms) = postSolution
		{80560430-BEE4-42F8-AE36-3C1267CA5AE0}.Debug|Any CPU.ActiveCfg = Debug|Any CPU
		{80560430-BEE4-42F8-AE36-3C1267CA5AE0}.Debug|Any CPU.Build.0 = Debug|Any CPU
		{80560430-BEE4-42F8-AE36-3C1267CA5AE0}.Release|Any CPU.ActiveCfg = Release|Any CPU
		{80560430-BEE4-42F8-AE36-3C1267CA5AE0}.Release|Any CPU.Build.0 = Release|Any CPU
	EndGlobalSection
	GlobalSection(SolutionProperties) = preSolution
		HideSolutionNode = FALSE
	EndGlobalSection
	GlobalSection(ExtensibilityGlobals) = postSolution
		SolutionGuid = {7F2CD8BF-8B27-4E88-A3AD-2BB402EADFB6}
	EndGlobalSection
EndGlobal
